
Microsoft Visual Studio Solution File, Format Version 12.00
# Visual Studio 15
Project("{FAE04EC0-301F-11D3-BF4B-00C04F79EFBC}") = "characterLib", "characterLib\characterLib.csproj", "{2F4ED0C1-6800-4214-B40D-30A7A933EC00}"
EndProject
Global
	GlobalSection(SolutionConfigurationPlatforms) = preSolution
		Debug|Any CPU = Debug|Any CPU
		Release|Any CPU = Release|Any CPU
	EndGlobalSection
	GlobalSection(ProjectConfigurationPlatforms) = postSolution
		{2F4ED0C1-6800-4214-B40D-30A7A933EC00}.Debug|Any CPU.ActiveCfg = Debug|Any CPU
		{2F4ED0C1-6800-4214-B40D-30A7A933EC00}.Debug|Any CPU.Build.0 = Debug|Any CPU
		{2F4ED0C1-6800-4214-B40D-30A7A933EC00}.Release|Any CPU.ActiveCfg = Release|Any CPU
		{2F4ED0C1-6800-4214-B40D-30A7A933EC00}.Release|Any CPU.Build.0 = Release|Any CPU
	EndGlobalSection
EndGlobal
